{
  "name": "caruna-influxdb",
  "version": "1.0.0",
  "lockfileVersion": 2,
  "requires": true,
  "packages": {
    "": {
      "name": "caruna-influxdb",
      "license": "GPL-3.0",
      "dependencies": {
        "influx": "^5.6.3"
      }
    },
    "node_modules/influx": {
      "version": "5.7.0",
      "resolved": "https://registry.npmjs.org/influx/-/influx-5.7.0.tgz",
      "integrity": "sha512-LwBf+cTXW+1PEHiG5YNE4r44mAVvevomqBqt2PpMGM2HjqFp5SmowtTWhwnybXoX6gnHn9mL4yVAbuAiSMZhjw=="
    }
  },
  "dependencies": {
    "influx": {
      "version": "5.7.0",
      "resolved": "https://registry.npmjs.org/influx/-/influx-5.7.0.tgz",
      "integrity": "sha512-LwBf+cTXW+1PEHiG5YNE4r44mAVvevomqBqt2PpMGM2HjqFp5SmowtTWhwnybXoX6gnHn9mL4yVAbuAiSMZhjw=="
    }
  }
}
